// !$*UTF8*$!
{
	archiveVersion = 1;
	classes = {
	};
	objectVersion = 46;
	objects = {

/* Begin PBXBuildFile section */
		E2B2BC361EFCE80600B738D9 /* AppDelegate.swift in Sources */ = {isa = PBXBuildFile; fileRef = E2B2BC351EFCE80600B738D9 /* AppDelegate.swift */; };
		E2B2BC3D1EFCE80600B738D9 /* Assets.xcassets in Resources */ = {isa = PBXBuildFile; fileRef = E2B2BC3C1EFCE80600B738D9 /* Assets.xcassets */; };
		E2B2BC401EFCE80600B738D9 /* LaunchScreen.storyboard in Resources */ = {isa = PBXBuildFile; fileRef = E2B2BC3E1EFCE80600B738D9 /* LaunchScreen.storyboard */; };
		E2B2BC4B1EFCE80700B738D9 /* TestProjectTests.swift in Sources */ = {isa = PBXBuildFile; fileRef = E2B2BC4A1EFCE80700B738D9 /* TestProjectTests.swift */; };
		E2B2BC561EFCE80700B738D9 /* TestProjectUITests.swift in Sources */ = {isa = PBXBuildFile; fileRef = E2B2BC551EFCE80700B738D9 /* TestProjectUITests.swift */; };
		E2B2BC701EFD11BA00B738D9 /* ContactListVC.swift in Sources */ = {isa = PBXBuildFile; fileRef = E2B2BC6E1EFD11BA00B738D9 /* ContactListVC.swift */; };
		E2B2BC711EFD11BA00B738D9 /* ContactListVC.xib in Resources */ = {isa = PBXBuildFile; fileRef = E2B2BC6F1EFD11BA00B738D9 /* ContactListVC.xib */; };
		E2B2BC741EFD137100B738D9 /* Main.storyboard in Resources */ = {isa = PBXBuildFile; fileRef = E2B2BC721EFD137100B738D9 /* Main.storyboard */; };
		E2B2BC751EFD137100B738D9 /* ViewController.swift in Sources */ = {isa = PBXBuildFile; fileRef = E2B2BC731EFD137100B738D9 /* ViewController.swift */; };
		E2B2BC781EFD15B800B738D9 /* UIImage.swift in Sources */ = {isa = PBXBuildFile; fileRef = E2B2BC771EFD15B800B738D9 /* UIImage.swift */; };
		E2B2BC7A1EFD162100B738D9 /* UIColor.swift in Sources */ = {isa = PBXBuildFile; fileRef = E2B2BC791EFD162100B738D9 /* UIColor.swift */; };
		E2B2BC7D1EFD193100B738D9 /* ContactsListTableCell.swift in Sources */ = {isa = PBXBuildFile; fileRef = E2B2BC7B1EFD193100B738D9 /* ContactsListTableCell.swift */; };
		E2B2BC7E1EFD193100B738D9 /* ContactsListTableCell.xib in Resources */ = {isa = PBXBuildFile; fileRef = E2B2BC7C1EFD193100B738D9 /* ContactsListTableCell.xib */; };
		E2B2BC821EFD1D7200B738D9 /* APIManager.swift in Sources */ = {isa = PBXBuildFile; fileRef = E2B2BC811EFD1D7200B738D9 /* APIManager.swift */; };
		E2B2BC841EFD2AF100B738D9 /* ContactObject.swift in Sources */ = {isa = PBXBuildFile; fileRef = E2B2BC831EFD2AF100B738D9 /* ContactObject.swift */; };
		E2B2BC891EFD410D00B738D9 /* ContactDetailVC.swift in Sources */ = {isa = PBXBuildFile; fileRef = E2B2BC871EFD410D00B738D9 /* ContactDetailVC.swift */; };
		E2B2BC8A1EFD410D00B738D9 /* ContactDetailVC.xib in Resources */ = {isa = PBXBuildFile; fileRef = E2B2BC881EFD410D00B738D9 /* ContactDetailVC.xib */; };
/* End PBXBuildFile section */

/* Begin PBXContainerItemProxy section */
		E2B2BC471EFCE80700B738D9 /* PBXContainerItemProxy */ = {
			isa = PBXContainerItemProxy;
			containerPortal = E2B2BC2A1EFCE80600B738D9 /* Project object */;
			proxyType = 1;
			remoteGlobalIDString = E2B2BC311EFCE80600B738D9;
			remoteInfo = TestProject;
		};
		E2B2BC521EFCE80700B738D9 /* PBXContainerItemProxy */ = {
			isa = PBXContainerItemProxy;
			containerPortal = E2B2BC2A1EFCE80600B738D9 /* Project object */;
			proxyType = 1;
			remoteGlobalIDString = E2B2BC311EFCE80600B738D9;
			remoteInfo = TestProject;
		};
/* End PBXContainerItemProxy section */

/* Begin PBXFileReference section */
		E2B2BC321EFCE80600B738D9 /* TestProject.app */ = {isa = PBXFileReference; explicitFileType = wrapper.application; includeInIndex = 0; path = TestProject.app; sourceTree = BUILT_PRODUCTS_DIR; };
		E2B2BC351EFCE80600B738D9 /* AppDelegate.swift */ = {isa = PBXFileReference; lastKnownFileType = sourcecode.swift; path = AppDelegate.swift; sourceTree = "<group>"; };
		E2B2BC3C1EFCE80600B738D9 /* Assets.xcassets */ = {isa = PBXFileReference; lastKnownFileType = folder.assetcatalog; path = Assets.xcassets; sourceTree = "<group>"; };
		E2B2BC3F1EFCE80600B738D9 /* Base */ = {isa = PBXFileReference; lastKnownFileType = file.storyboard; name = Base; path = Base.lproj/LaunchScreen.storyboard; sourceTree = "<group>"; };
		E2B2BC411EFCE80600B738D9 /* Info.plist */ = {isa = PBXFileReference; lastKnownFileType = text.plist.xml; path = Info.plist; sourceTree = "<group>"; };
		E2B2BC461EFCE80700B738D9 /* TestProjectTests.xctest */ = {isa = PBXFileReference; explicitFileType = wrapper.cfbundle; includeInIndex = 0; path = TestProjectTests.xctest; sourceTree = BUILT_PRODUCTS_DIR; };
		E2B2BC4A1EFCE80700B738D9 /* TestProjectTests.swift */ = {isa = PBXFileReference; lastKnownFileType = sourcecode.swift; path = TestProjectTests.swift; sourceTree = "<group>"; };
		E2B2BC4C1EFCE80700B738D9 /* Info.plist */ = {isa = PBXFileReference; lastKnownFileType = text.plist.xml; path = Info.plist; sourceTree = "<group>"; };
		E2B2BC511EFCE80700B738D9 /* TestProjectUITests.xctest */ = {isa = PBXFileReference; explicitFileType = wrapper.cfbundle; includeInIndex = 0; path = TestProjectUITests.xctest; sourceTree = BUILT_PRODUCTS_DIR; };
		E2B2BC551EFCE80700B738D9 /* TestProjectUITests.swift */ = {isa = PBXFileReference; lastKnownFileType = sourcecode.swift; path = TestProjectUITests.swift; sourceTree = "<group>"; };
		E2B2BC571EFCE80700B738D9 /* Info.plist */ = {isa = PBXFileReference; lastKnownFileType = text.plist.xml; path = Info.plist; sourceTree = "<group>"; };
		E2B2BC6E1EFD11BA00B738D9 /* ContactListVC.swift */ = {isa = PBXFileReference; fileEncoding = 4; lastKnownFileType = sourcecode.swift; name = ContactListVC.swift; path = ViewControllers/ContactsList/ContactListVC.swift; sourceTree = "<group>"; };
		E2B2BC6F1EFD11BA00B738D9 /* ContactListVC.xib */ = {isa = PBXFileReference; fileEncoding = 4; lastKnownFileType = file.xib; name = ContactListVC.xib; path = ViewControllers/ContactsList/ContactListVC.xib; sourceTree = "<group>"; };
		E2B2BC721EFD137100B738D9 /* Main.storyboard */ = {isa = PBXFileReference; fileEncoding = 4; lastKnownFileType = file.storyboard; path = Main.storyboard; sourceTree = "<group>"; };
		E2B2BC731EFD137100B738D9 /* ViewController.swift */ = {isa = PBXFileReference; fileEncoding = 4; lastKnownFileType = sourcecode.swift; path = ViewController.swift; sourceTree = "<group>"; };
		E2B2BC771EFD15B800B738D9 /* UIImage.swift */ = {isa = PBXFileReference; fileEncoding = 4; lastKnownFileType = sourcecode.swift; name = UIImage.swift; path = Extensions/UIImage.swift; sourceTree = "<group>"; };
		E2B2BC791EFD162100B738D9 /* UIColor.swift */ = {isa = PBXFileReference; fileEncoding = 4; lastKnownFileType = sourcecode.swift; name = UIColor.swift; path = Extensions/UIColor.swift; sourceTree = "<group>"; };
		E2B2BC7B1EFD193100B738D9 /* ContactsListTableCell.swift */ = {isa = PBXFileReference; fileEncoding = 4; lastKnownFileType = sourcecode.swift; name = ContactsListTableCell.swift; path = ViewControllers/ContactsList/ContactsListTableCell.swift; sourceTree = "<group>"; };
		E2B2BC7C1EFD193100B738D9 /* ContactsListTableCell.xib */ = {isa = PBXFileReference; fileEncoding = 4; lastKnownFileType = file.xib; name = ContactsListTableCell.xib; path = ViewControllers/ContactsList/ContactsListTableCell.xib; sourceTree = "<group>"; };
		E2B2BC811EFD1D7200B738D9 /* APIManager.swift */ = {isa = PBXFileReference; fileEncoding = 4; lastKnownFileType = sourcecode.swift; name = APIManager.swift; path = Network/APIManager.swift; sourceTree = "<group>"; };
		E2B2BC831EFD2AF100B738D9 /* ContactObject.swift */ = {isa = PBXFileReference; fileEncoding = 4; lastKnownFileType = sourcecode.swift; name = ContactObject.swift; path = Model/ContactObject.swift; sourceTree = "<group>"; };
		E2B2BC871EFD410D00B738D9 /* ContactDetailVC.swift */ = {isa = PBXFileReference; fileEncoding = 4; lastKnownFileType = sourcecode.swift; name = ContactDetailVC.swift; path = ViewControllers/ContactDetail/ContactDetailVC.swift; sourceTree = "<group>"; };
		E2B2BC881EFD410D00B738D9 /* ContactDetailVC.xib */ = {isa = PBXFileReference; fileEncoding = 4; lastKnownFileType = file.xib; name = ContactDetailVC.xib; path = ViewControllers/ContactDetail/ContactDetailVC.xib; sourceTree = "<group>"; };
/* End PBXFileReference section */

/* Begin PBXFrameworksBuildPhase section */
		E2B2BC2F1EFCE80600B738D9 /* Frameworks */ = {
			isa = PBXFrameworksBuildPhase;
			buildActionMask = 2147483647;
			files = (
			);
			runOnlyForDeploymentPostprocessing = 0;
		};
		E2B2BC431EFCE80700B738D9 /* Frameworks */ = {
			isa = PBXFrameworksBuildPhase;
			buildActionMask = 2147483647;
			files = (
			);
			runOnlyForDeploymentPostprocessing = 0;
		};
		E2B2BC4E1EFCE80700B738D9 /* Frameworks */ = {
			isa = PBXFrameworksBuildPhase;
			buildActionMask = 2147483647;
			files = (
			);
			runOnlyForDeploymentPostprocessing = 0;
		};
/* End PBXFrameworksBuildPhase section */

/* Begin PBXGroup section */
		E2B2BC291EFCE80500B738D9 = {
			isa = PBXGroup;
			children = (
				E2B2BC341EFCE80600B738D9 /* TestProject */,
				E2B2BC491EFCE80700B738D9 /* TestProjectTests */,
				E2B2BC541EFCE80700B738D9 /* TestProjectUITests */,
				E2B2BC331EFCE80600B738D9 /* Products */,
			);
			sourceTree = "<group>";
		};
		E2B2BC331EFCE80600B738D9 /* Products */ = {
			isa = PBXGroup;
			children = (
				E2B2BC321EFCE80600B738D9 /* TestProject.app */,
				E2B2BC461EFCE80700B738D9 /* TestProjectTests.xctest */,
				E2B2BC511EFCE80700B738D9 /* TestProjectUITests.xctest */,
			);
			name = Products;
			sourceTree = "<group>";
		};
		E2B2BC341EFCE80600B738D9 /* TestProject */ = {
			isa = PBXGroup;
			children = (
				E2B2BC801EFD1C5F00B738D9 /* Model */,
				E2B2BC7F1EFD1C4700B738D9 /* Network Manager */,
				E2B2BC761EFD159800B738D9 /* Extensions */,
				E2B2BC681EFD111400B738D9 /* View Controllers */,
				E2B2BC691EFD112200B738D9 /* Project files */,
			);
			path = TestProject;
			sourceTree = "<group>";
		};
		E2B2BC491EFCE80700B738D9 /* TestProjectTests */ = {
			isa = PBXGroup;
			children = (
				E2B2BC4A1EFCE80700B738D9 /* TestProjectTests.swift */,
				E2B2BC4C1EFCE80700B738D9 /* Info.plist */,
			);
			path = TestProjectTests;
			sourceTree = "<group>";
		};
		E2B2BC541EFCE80700B738D9 /* TestProjectUITests */ = {
			isa = PBXGroup;
			children = (
				E2B2BC551EFCE80700B738D9 /* TestProjectUITests.swift */,
				E2B2BC571EFCE80700B738D9 /* Info.plist */,
			);
			path = TestProjectUITests;
			sourceTree = "<group>";
		};
		E2B2BC681EFD111400B738D9 /* View Controllers */ = {
			isa = PBXGroup;
			children = (
				E2B2BC851EFD40C700B738D9 /* Contact Detail */,
				E2B2BC6A1EFD114400B738D9 /* Contacts List */,
			);
			name = "View Controllers";
			sourceTree = "<group>";
		};
		E2B2BC691EFD112200B738D9 /* Project files */ = {
			isa = PBXGroup;
			children = (
				E2B2BC721EFD137100B738D9 /* Main.storyboard */,
				E2B2BC731EFD137100B738D9 /* ViewController.swift */,
				E2B2BC351EFCE80600B738D9 /* AppDelegate.swift */,
				E2B2BC3C1EFCE80600B738D9 /* Assets.xcassets */,
				E2B2BC3E1EFCE80600B738D9 /* LaunchScreen.storyboard */,
				E2B2BC411EFCE80600B738D9 /* Info.plist */,
			);
			name = "Project files";
			sourceTree = "<group>";
		};
		E2B2BC6A1EFD114400B738D9 /* Contacts List */ = {
			isa = PBXGroup;
			children = (
				E2B2BC6D1EFD117300B738D9 /* Table Cell */,
				E2B2BC6C1EFD116C00B738D9 /* View */,
			);
			name = "Contacts List";
			sourceTree = "<group>";
		};
		E2B2BC6C1EFD116C00B738D9 /* View */ = {
			isa = PBXGroup;
			children = (
				E2B2BC6E1EFD11BA00B738D9 /* ContactListVC.swift */,
				E2B2BC6F1EFD11BA00B738D9 /* ContactListVC.xib */,
			);
			name = View;
			sourceTree = "<group>";
		};
		E2B2BC6D1EFD117300B738D9 /* Table Cell */ = {
			isa = PBXGroup;
			children = (
				E2B2BC7B1EFD193100B738D9 /* ContactsListTableCell.swift */,
				E2B2BC7C1EFD193100B738D9 /* ContactsListTableCell.xib */,
			);
			name = "Table Cell";
			sourceTree = "<group>";
		};
		E2B2BC761EFD159800B738D9 /* Extensions */ = {
			isa = PBXGroup;
			children = (
				E2B2BC771EFD15B800B738D9 /* UIImage.swift */,
				E2B2BC791EFD162100B738D9 /* UIColor.swift */,
			);
			name = Extensions;
			sourceTree = "<group>";
		};
		E2B2BC7F1EFD1C4700B738D9 /* Network Manager */ = {
			isa = PBXGroup;
			children = (
				E2B2BC811EFD1D7200B738D9 /* APIManager.swift */,
			);
			name = "Network Manager";
			sourceTree = "<group>";
		};
		E2B2BC801EFD1C5F00B738D9 /* Model */ = {
			isa = PBXGroup;
			children = (
				E2B2BC831EFD2AF100B738D9 /* ContactObject.swift */,
			);
			name = Model;
			sourceTree = "<group>";
		};
		E2B2BC851EFD40C700B738D9 /* Contact Detail */ = {
			isa = PBXGroup;
			children = (
				E2B2BC861EFD40D400B738D9 /* View Controller */,
			);
			name = "Contact Detail";
			sourceTree = "<group>";
		};
		E2B2BC861EFD40D400B738D9 /* View Controller */ = {
			isa = PBXGroup;
			children = (
				E2B2BC871EFD410D00B738D9 /* ContactDetailVC.swift */,
				E2B2BC881EFD410D00B738D9 /* ContactDetailVC.xib */,
			);
			name = "View Controller";
			sourceTree = "<group>";
		};
/* End PBXGroup section */

/* Begin PBXNativeTarget section */
		E2B2BC311EFCE80600B738D9 /* TestProject */ = {
			isa = PBXNativeTarget;
			buildConfigurationList = E2B2BC5A1EFCE80700B738D9 /* Build configuration list for PBXNativeTarget "TestProject" */;
			buildPhases = (
				E2B2BC2E1EFCE80600B738D9 /* Sources */,
				E2B2BC2F1EFCE80600B738D9 /* Frameworks */,
				E2B2BC301EFCE80600B738D9 /* Resources */,
			);
			buildRules = (
			);
			dependencies = (
			);
			name = TestProject;
			productName = TestProject;
			productReference = E2B2BC321EFCE80600B738D9 /* TestProject.app */;
			productType = "com.apple.product-type.application";
		};
		E2B2BC451EFCE80700B738D9 /* TestProjectTests */ = {
			isa = PBXNativeTarget;
			buildConfigurationList = E2B2BC5D1EFCE80700B738D9 /* Build configuration list for PBXNativeTarget "TestProjectTests" */;
			buildPhases = (
				E2B2BC421EFCE80700B738D9 /* Sources */,
				E2B2BC431EFCE80700B738D9 /* Frameworks */,
				E2B2BC441EFCE80700B738D9 /* Resources */,
			);
			buildRules = (
			);
			dependencies = (
				E2B2BC481EFCE80700B738D9 /* PBXTargetDependency */,
			);
			name = TestProjectTests;
			productName = TestProjectTests;
			productReference = E2B2BC461EFCE80700B738D9 /* TestProjectTests.xctest */;
			productType = "com.apple.product-type.bundle.unit-test";
		};
		E2B2BC501EFCE80700B738D9 /* TestProjectUITests */ = {
			isa = PBXNativeTarget;
			buildConfigurationList = E2B2BC601EFCE80700B738D9 /* Build configuration list for PBXNativeTarget "TestProjectUITests" */;
			buildPhases = (
				E2B2BC4D1EFCE80700B738D9 /* Sources */,
				E2B2BC4E1EFCE80700B738D9 /* Frameworks */,
				E2B2BC4F1EFCE80700B738D9 /* Resources */,
			);
			buildRules = (
			);
			dependencies = (
				E2B2BC531EFCE80700B738D9 /* PBXTargetDependency */,
			);
			name = TestProjectUITests;
			productName = TestProjectUITests;
			productReference = E2B2BC511EFCE80700B738D9 /* TestProjectUITests.xctest */;
			productType = "com.apple.product-type.bundle.ui-testing";
		};
/* End PBXNativeTarget section */

/* Begin PBXProject section */
		E2B2BC2A1EFCE80600B738D9 /* Project object */ = {
			isa = PBXProject;
			attributes = {
				LastSwiftUpdateCheck = 0810;
				LastUpgradeCheck = 0810;
				ORGANIZATIONNAME = "Vivek Karuppanaraj";
				TargetAttributes = {
					E2B2BC311EFCE80600B738D9 = {
						CreatedOnToolsVersion = 8.1;
						ProvisioningStyle = Automatic;
					};
					E2B2BC451EFCE80700B738D9 = {
						CreatedOnToolsVersion = 8.1;
						ProvisioningStyle = Automatic;
						TestTargetID = E2B2BC311EFCE80600B738D9;
					};
					E2B2BC501EFCE80700B738D9 = {
						CreatedOnToolsVersion = 8.1;
						ProvisioningStyle = Automatic;
						TestTargetID = E2B2BC311EFCE80600B738D9;
					};
				};
			};
			buildConfigurationList = E2B2BC2D1EFCE80600B738D9 /* Build configuration list for PBXProject "TestProject" */;
			compatibilityVersion = "Xcode 3.2";
			developmentRegion = English;
			hasScannedForEncodings = 0;
			knownRegions = (
				en,
				Base,
			);
			mainGroup = E2B2BC291EFCE80500B738D9;
			productRefGroup = E2B2BC331EFCE80600B738D9 /* Products */;
			projectDirPath = "";
			projectRoot = "";
			targets = (
				E2B2BC311EFCE80600B738D9 /* TestProject */,
				E2B2BC451EFCE80700B738D9 /* TestProjectTests */,
				E2B2BC501EFCE80700B738D9 /* TestProjectUITests */,
			);
		};
/* End PBXProject section */

/* Begin PBXResourcesBuildPhase section */
		E2B2BC301EFCE80600B738D9 /* Resources */ = {
			isa = PBXResourcesBuildPhase;
			buildActionMask = 2147483647;
			files = (
				E2B2BC8A1EFD410D00B738D9 /* ContactDetailVC.xib in Resources */,
				E2B2BC401EFCE80600B738D9 /* LaunchScreen.storyboard in Resources */,
				E2B2BC3D1EFCE80600B738D9 /* Assets.xcassets in Resources */,
				E2B2BC711EFD11BA00B738D9 /* ContactListVC.xib in Resources */,
				E2B2BC741EFD137100B738D9 /* Main.storyboard in Resources */,
				E2B2BC7E1EFD193100B738D9 /* ContactsListTableCell.xib in Resources */,
			);
			runOnlyForDeploymentPostprocessing = 0;
		};
		E2B2BC441EFCE80700B738D9 /* Resources */ = {
			isa = PBXResourcesBuildPhase;
			buildActionMask = 2147483647;
			files = (
			);
			runOnlyForDeploymentPostprocessing = 0;
		};
		E2B2BC4F1EFCE80700B738D9 /* Resources */ = {
			isa = PBXResourcesBuildPhase;
			buildActionMask = 2147483647;
			files = (
			);
			runOnlyForDeploymentPostprocessing = 0;
		};
/* End PBXResourcesBuildPhase section */

/* Begin PBXSourcesBuildPhase section */
		E2B2BC2E1EFCE80600B738D9 /* Sources */ = {
			isa = PBXSourcesBuildPhase;
			buildActionMask = 2147483647;
			files = (
				E2B2BC751EFD137100B738D9 /* ViewController.swift in Sources */,
				E2B2BC841EFD2AF100B738D9 /* ContactObject.swift in Sources */,
				E2B2BC781EFD15B800B738D9 /* UIImage.swift in Sources */,
				E2B2BC361EFCE80600B738D9 /* AppDelegate.swift in Sources */,
				E2B2BC701EFD11BA00B738D9 /* ContactListVC.swift in Sources */,
				E2B2BC7D1EFD193100B738D9 /* ContactsListTableCell.swift in Sources */,
				E2B2BC7A1EFD162100B738D9 /* UIColor.swift in Sources */,
				E2B2BC821EFD1D7200B738D9 /* APIManager.swift in Sources */,
				E2B2BC891EFD410D00B738D9 /* ContactDetailVC.swift in Sources */,
			);
			runOnlyForDeploymentPostprocessing = 0;
		};
		E2B2BC421EFCE80700B738D9 /* Sources */ = {
			isa = PBXSourcesBuildPhase;
			buildActionMask = 2147483647;
			files = (
				E2B2BC4B1EFCE80700B738D9 /* TestProjectTests.swift in Sources */,
			);
			runOnlyForDeploymentPostprocessing = 0;
		};
		E2B2BC4D1EFCE80700B738D9 /* Sources */ = {
			isa = PBXSourcesBuildPhase;
			buildActionMask = 2147483647;
			files = (
				E2B2BC561EFCE80700B738D9 /* TestProjectUITests.swift in Sources */,
			);
			runOnlyForDeploymentPostprocessing = 0;
		};
/* End PBXSourcesBuildPhase section */

/* Begin PBXTargetDependency section */
		E2B2BC481EFCE80700B738D9 /* PBXTargetDependency */ = {
			isa = PBXTargetDependency;
			target = E2B2BC311EFCE80600B738D9 /* TestProject */;
			targetProxy = E2B2BC471EFCE80700B738D9 /* PBXContainerItemProxy */;
		};
		E2B2BC531EFCE80700B738D9 /* PBXTargetDependency */ = {
			isa = PBXTargetDependency;
			target = E2B2BC311EFCE80600B738D9 /* TestProject */;
			targetProxy = E2B2BC521EFCE80700B738D9 /* PBXContainerItemProxy */;
		};
/* End PBXTargetDependency section */

/* Begin PBXVariantGroup section */
		E2B2BC3E1EFCE80600B738D9 /* LaunchScreen.storyboard */ = {
			isa = PBXVariantGroup;
			children = (
				E2B2BC3F1EFCE80600B738D9 /* Base */,
			);
			name = LaunchScreen.storyboard;
			sourceTree = "<group>";
		};
/* End PBXVariantGroup section */

/* Begin XCBuildConfiguration section */
		E2B2BC581EFCE80700B738D9 /* Debug */ = {
			isa = XCBuildConfiguration;
			buildSettings = {
				ALWAYS_SEARCH_USER_PATHS = NO;
				CLANG_ANALYZER_NONNULL = YES;
				CLANG_CXX_LANGUAGE_STANDARD = "gnu++0x";
				CLANG_CXX_LIBRARY = "libc++";
				CLANG_ENABLE_MODULES = YES;
				CLANG_ENABLE_OBJC_ARC = YES;
				CLANG_WARN_BOOL_CONVERSION = YES;
				CLANG_WARN_CONSTANT_CONVERSION = YES;
				CLANG_WARN_DIRECT_OBJC_ISA_USAGE = YES_ERROR;
				CLANG_WARN_DOCUMENTATION_COMMENTS = YES;
				CLANG_WARN_EMPTY_BODY = YES;
				CLANG_WARN_ENUM_CONVERSION = YES;
				CLANG_WARN_INFINITE_RECURSION = YES;
				CLANG_WARN_INT_CONVERSION = YES;
				CLANG_WARN_OBJC_ROOT_CLASS = YES_ERROR;
				CLANG_WARN_SUSPICIOUS_MOVES = YES;
				CLANG_WARN_UNREACHABLE_CODE = YES;
				CLANG_WARN__DUPLICATE_METHOD_MATCH = YES;
				"CODE_SIGN_IDENTITY[sdk=iphoneos*]" = "iPhone Developer";
				COPY_PHASE_STRIP = NO;
				DEBUG_INFORMATION_FORMAT = dwarf;
				ENABLE_STRICT_OBJC_MSGSEND = YES;
				ENABLE_TESTABILITY = YES;
				GCC_C_LANGUAGE_STANDARD = gnu99;
				GCC_DYNAMIC_NO_PIC = NO;
				GCC_NO_COMMON_BLOCKS = YES;
				GCC_OPTIMIZATION_LEVEL = 0;
				GCC_PREPROCESSOR_DEFINITIONS = (
					"DEBUG=1",
					"$(inherited)",
				);
				GCC_WARN_64_TO_32_BIT_CONVERSION = YES;
				GCC_WARN_ABOUT_RETURN_TYPE = YES_ERROR;
				GCC_WARN_UNDECLARED_SELECTOR = YES;
				GCC_WARN_UNINITIALIZED_AUTOS = YES_AGGRESSIVE;
				GCC_WARN_UNUSED_FUNCTION = YES;
				GCC_WARN_UNUSED_VARIABLE = YES;
				IPHONEOS_DEPLOYMENT_TARGET = 10.1;
				MTL_ENABLE_DEBUG_INFO = YES;
				ONLY_ACTIVE_ARCH = YES;
				SDKROOT = iphoneos;
				SWIFT_ACTIVE_COMPILATION_CONDITIONS = DEBUG;
				SWIFT_OPTIMIZATION_LEVEL = "-Onone";
			};
			name = Debug;
		};
		E2B2BC591EFCE80700B738D9 /* Release */ = {
			isa = XCBuildConfiguration;
			buildSettings = {
				ALWAYS_SEARCH_USER_PATHS = NO;
				CLANG_ANALYZER_NONNULL = YES;
				CLANG_CXX_LANGUAGE_STANDARD = "gnu++0x";
				CLANG_CXX_LIBRARY = "libc++";
				CLANG_ENABLE_MODULES = YES;
				CLANG_ENABLE_OBJC_ARC = YES;
				CLANG_WARN_BOOL_CONVERSION = YES;
				CLANG_WARN_CONSTANT_CONVERSION = YES;
				CLANG_WARN_DIRECT_OBJC_ISA_USAGE = YES_ERROR;
				CLANG_WARN_DOCUMENTATION_COMMENTS = YES;
				CLANG_WARN_EMPTY_BODY = YES;
				CLANG_WARN_ENUM_CONVERSION = YES;
				CLANG_WARN_INFINITE_RECURSION = YES;
				CLANG_WARN_INT_CONVERSION = YES;
				CLANG_WARN_OBJC_ROOT_CLASS = YES_ERROR;
				CLANG_WARN_SUSPICIOUS_MOVES = YES;
				CLANG_WARN_UNREACHABLE_CODE = YES;
				CLANG_WARN__DUPLICATE_METHOD_MATCH = YES;
				"CODE_SIGN_IDENTITY[sdk=iphoneos*]" = "iPhone Developer";
				COPY_PHASE_STRIP = NO;
				DEBUG_INFORMATION_FORMAT = "dwarf-with-dsym";
				ENABLE_NS_ASSERTIONS = NO;
				ENABLE_STRICT_OBJC_MSGSEND = YES;
				GCC_C_LANGUAGE_STANDARD = gnu99;
				GCC_NO_COMMON_BLOCKS = YES;
				GCC_WARN_64_TO_32_BIT_CONVERSION = YES;
				GCC_WARN_ABOUT_RETURN_TYPE = YES_ERROR;
				GCC_WARN_UNDECLARED_SELECTOR = YES;
				GCC_WARN_UNINITIALIZED_AUTOS = YES_AGGRESSIVE;
				GCC_WARN_UNUSED_FUNCTION = YES;
				GCC_WARN_UNUSED_VARIABLE = YES;
				IPHONEOS_DEPLOYMENT_TARGET = 10.1;
				MTL_ENABLE_DEBUG_INFO = NO;
				SDKROOT = iphoneos;
				SWIFT_OPTIMIZATION_LEVEL = "-Owholemodule";
				VALIDATE_PRODUCT = YES;
			};
			name = Release;
		};
		E2B2BC5B1EFCE80700B738D9 /* Debug */ = {
			isa = XCBuildConfiguration;
			buildSettings = {
				ASSETCATALOG_COMPILER_APPICON_NAME = AppIcon;
				INFOPLIST_FILE = TestProject/Info.plist;
				LD_RUNPATH_SEARCH_PATHS = "$(inherited) @executable_path/Frameworks";
				PRODUCT_BUNDLE_IDENTIFIER = com.vivek.TestProject;
				PRODUCT_NAME = "$(TARGET_NAME)";
				SWIFT_VERSION = 3.0;
			};
			name = Debug;
		};
		E2B2BC5C1EFCE80700B738D9 /* Release */ = {
			isa = XCBuildConfiguration;
			buildSettings = {
				ASSETCATALOG_COMPILER_APPICON_NAME = AppIcon;
				INFOPLIST_FILE = TestProject/Info.plist;
				LD_RUNPATH_SEARCH_PATHS = "$(inherited) @executable_path/Frameworks";
				PRODUCT_BUNDLE_IDENTIFIER = com.vivek.TestProject;
				PRODUCT_NAME = "$(TARGET_NAME)";
				SWIFT_VERSION = 3.0;
			};
			name = Release;
		};
		E2B2BC5E1EFCE80700B738D9 /* Debug */ = {
			isa = XCBuildConfiguration;
			buildSettings = {
				ALWAYS_EMBED_SWIFT_STANDARD_LIBRARIES = YES;
				BUNDLE_LOADER = "$(TEST_HOST)";
				INFOPLIST_FILE = TestProjectTests/Info.plist;
				LD_RUNPATH_SEARCH_PATHS = "$(inherited) @executable_path/Frameworks @loader_path/Frameworks";
				PRODUCT_BUNDLE_IDENTIFIER = com.vivek.TestProjectTests;
				PRODUCT_NAME = "$(TARGET_NAME)";
				SWIFT_VERSION = 3.0;
				TEST_HOST = "$(BUILT_PRODUCTS_DIR)/TestProject.app/TestProject";
			};
			name = Debug;
		};
		E2B2BC5F1EFCE80700B738D9 /* Release */ = {
			isa = XCBuildConfiguration;
			buildSettings = {
				ALWAYS_EMBED_SWIFT_STANDARD_LIBRARIES = YES;
				BUNDLE_LOADER = "$(TEST_HOST)";
				INFOPLIST_FILE = TestProjectTests/Info.plist;
				LD_RUNPATH_SEARCH_PATHS = "$(inherited) @executable_path/Frameworks @loader_path/Frameworks";
				PRODUCT_BUNDLE_IDENTIFIER = com.vivek.TestProjectTests;
				PRODUCT_NAME = "$(TARGET_NAME)";
				SWIFT_VERSION = 3.0;
				TEST_HOST = "$(BUILT_PRODUCTS_DIR)/TestProject.app/TestProject";
			};
			name = Release;
		};
		E2B2BC611EFCE80700B738D9 /* Debug */ = {
			isa = XCBuildConfiguration;
			buildSettings = {
				ALWAYS_EMBED_SWIFT_STANDARD_LIBRARIES = YES;
				INFOPLIST_FILE = TestProjectUITests/Info.plist;
				LD_RUNPATH_SEARCH_PATHS = "$(inherited) @executable_path/Frameworks @loader_path/Frameworks";
				PRODUCT_BUNDLE_IDENTIFIER = com.vivek.TestProjectUITests;
				PRODUCT_NAME = "$(TARGET_NAME)";
				SWIFT_VERSION = 3.0;
				TEST_TARGET_NAME = TestProject;
			};
			name = Debug;
		};
		E2B2BC621EFCE80700B738D9 /* Release */ = {
			isa = XCBuildConfiguration;
			buildSettings = {
				ALWAYS_EMBED_SWIFT_STANDARD_LIBRARIES = YES;
				INFOPLIST_FILE = TestProjectUITests/Info.plist;
				LD_RUNPATH_SEARCH_PATHS = "$(inherited) @executable_path/Frameworks @loader_path/Frameworks";
				PRODUCT_BUNDLE_IDENTIFIER = com.vivek.TestProjectUITests;
				PRODUCT_NAME = "$(TARGET_NAME)";
				SWIFT_VERSION = 3.0;
				TEST_TARGET_NAME = TestProject;
			};
			name = Release;
		};
/* End XCBuildConfiguration section */

/* Begin XCConfigurationList section */
		E2B2BC2D1EFCE80600B738D9 /* Build configuration list for PBXProject "TestProject" */ = {
			isa = XCConfigurationList;
			buildConfigurations = (
				E2B2BC581EFCE80700B738D9 /* Debug */,
				E2B2BC591EFCE80700B738D9 /* Release */,
			);
			defaultConfigurationIsVisible = 0;
			defaultConfigurationName = Release;
		};
		E2B2BC5A1EFCE80700B738D9 /* Build configuration list for PBXNativeTarget "TestProject" */ = {
			isa = XCConfigurationList;
			buildConfigurations = (
				E2B2BC5B1EFCE80700B738D9 /* Debug */,
				E2B2BC5C1EFCE80700B738D9 /* Release */,
			);
			defaultConfigurationIsVisible = 0;
			defaultConfigurationName = Release;
		};
		E2B2BC5D1EFCE80700B738D9 /* Build configuration list for PBXNativeTarget "TestProjectTests" */ = {
			isa = XCConfigurationList;
			buildConfigurations = (
				E2B2BC5E1EFCE80700B738D9 /* Debug */,
				E2B2BC5F1EFCE80700B738D9 /* Release */,
			);
			defaultConfigurationIsVisible = 0;
			defaultConfigurationName = Release;
		};
		E2B2BC601EFCE80700B738D9 /* Build configuration list for PBXNativeTarget "TestProjectUITests" */ = {
			isa = XCConfigurationList;
			buildConfigurations = (
				E2B2BC611EFCE80700B738D9 /* Debug */,
				E2B2BC621EFCE80700B738D9 /* Release */,
			);
			defaultConfigurationIsVisible = 0;
			defaultConfigurationName = Release;
		};
/* End XCConfigurationList section */
	};
	rootObject = E2B2BC2A1EFCE80600B738D9 /* Project object */;
}
